
Microsoft Visual Studio Solution File, Format Version 12.00
# Visual Studio 15
VisualStudioVersion = 15.0.28307.960
MinimumVisualStudioVersion = 10.0.40219.1
Project("{FAE04EC0-301F-11D3-BF4B-00C04F79EFBC}") = "SEOAnalyzer", "SEOAnalyzer\SEOAnalyzer.csproj", "{CFAD9691-8DDE-4863-8CEC-DC6AF8590B4E}"
EndProject
Global
	GlobalSection(SolutionConfigurationPlatforms) = preSolution
		Debug|Any CPU = Debug|Any CPU
		Release|Any CPU = Release|Any CPU
	EndGlobalSection
	GlobalSection(ProjectConfigurationPlatforms) = postSolution
		{CFAD9691-8DDE-4863-8CEC-DC6AF8590B4E}.Debug|Any CPU.ActiveCfg = Debug|Any CPU
		{CFAD9691-8DDE-4863-8CEC-DC6AF8590B4E}.Debug|Any CPU.Build.0 = Debug|Any CPU
		{CFAD9691-8DDE-4863-8CEC-DC6AF8590B4E}.Release|Any CPU.ActiveCfg = Release|Any CPU
		{CFAD9691-8DDE-4863-8CEC-DC6AF8590B4E}.Release|Any CPU.Build.0 = Release|Any CPU
	EndGlobalSection
	GlobalSection(SolutionProperties) = preSolution
		HideSolutionNode = FALSE
	EndGlobalSection
	GlobalSection(ExtensibilityGlobals) = postSolution
		SolutionGuid = {91F9C109-9038-4FE4-B5B4-1EEADD6AC4E0}
	EndGlobalSection
EndGlobal
